<?xml version="1.0" encoding="utf-8"?>
<Project ToolsVersion="4.0" xmlns="http://schemas.microsoft.com/developer/msbuild/2003">
  <ItemGroup>
    <Filter Include="Source Files">
      <UniqueIdentifier>{4FC737F1-C7A5-4376-A066-2A32D752A2FF}</UniqueIdentifier>
      <Extensions>cpp;c;cc;cxx;def;odl;idl;hpj;bat;asm;asmx</Extensions>
    </Filter>
    <Filter Include="Header Files">
      <UniqueIdentifier>{93995380-89BD-4b04-88EB-625FBE52EBFB}</UniqueIdentifier>
      <Extensions>h;hh;hpp;hxx;hm;inl;inc;xsd</Extensions>
    </Filter>
    <Filter Include="Resource Files">
      <UniqueIdentifier>{D9D6E242-F8AF-46E4-B9FD-80ECBC20BA3E}</UniqueIdentifier>
      <Extensions>qrc;*</Extensions>
      <ParseFiles>false</ParseFiles>
    </Filter>
    <Filter Include="Form Files">
      <UniqueIdentifier>{99349809-55BA-4b9d-BF79-8FDBB0286EB3}</UniqueIdentifier>
      <Extensions>ui</Extensions>
    </Filter>
    <Filter Include="Resource Files">
      <UniqueIdentifier>{D9D6E242-F8AF-46E4-B9FD-80ECBC20BA3E}</UniqueIdentifier>
      <Extensions>qrc;*</Extensions>
      <ParseFiles>false</ParseFiles>
    </Filter>
    <Filter Include="Generated Files">
      <UniqueIdentifier>{71ED8ED8-ACB9-4CE9-BBE1-E00B30144E11}</UniqueIdentifier>
      <Extensions>moc;h;cpp</Extensions>
      <ParseFiles>true</ParseFiles>
    </Filter>
    <Filter Include="Generated Files\Debug">
      <UniqueIdentifier>{ab5ee5a4-7d5a-4a11-90ec-7b4b6fe04e1b}</UniqueIdentifier>
    </Filter>
    <Filter Include="Generated Files\Release">
      <UniqueIdentifier>{1dbae803-e419-4a2b-9d4c-c26eb048b54e}</UniqueIdentifier>
    </Filter>
    <Filter Include="Generated Files\ReleaseWithDebug">
      <UniqueIdentifier>{222063cb-f8b4-49f3-8a29-ca9a6357c4bf}</UniqueIdentifier>
    </Filter>
  </ItemGroup>
  <ItemGroup>
    <ClCompile Include="main.cpp">
      <Filter>Source Files</Filter>
    </ClCompile>
    <ClCompile Include="QRendView.cpp">
      <Filter>Source Files</Filter>
    </ClCompile>
    <ClCompile Include="QZhiTongXYZ.cpp">
      <Filter>Source Files</Filter>
    </ClCompile>
    <ClCompile Include="QSubDialogBase.cpp">
      <Filter>Source Files</Filter>
    </ClCompile>
    <ClCompile Include="QLiqundian.cpp">
      <Filter>Source Files</Filter>
    </ClCompile>
    <ClCompile Include="QBilateralFilter.cpp">
      <Filter>Source Files</Filter>
    </ClCompile>
    <ClCompile Include="QGround.cpp">
      <Filter>Source Files</Filter>
    </ClCompile>
    <ClCompile Include="QLccp.cpp">
      <Filter>Source Files</Filter>
    </ClCompile>
    <ClCompile Include="QCpc.cpp">
      <Filter>Source Files</Filter>
    </ClCompile>
    <ClCompile Include="QRanSac.cpp">
      <Filter>Source Files</Filter>
    </ClCompile>
    <ClCompile Include="QQuyuzengzhangNormal.cpp">
      <Filter>Source Files</Filter>
    </ClCompile>
    <ClCompile Include="QQuyuzengzhangColor.cpp">
      <Filter>Source Files</Filter>
    </ClCompile>
    <ClCompile Include="QOushifenge.cpp">
      <Filter>Source Files</Filter>
    </ClCompile>
    <ClCompile Include="QChaotiJulei.cpp">
      <Filter>Source Files</Filter>
    </ClCompile>
    <ClCompile Include="QModding.cpp">
      <Filter>Source Files</Filter>
    </ClCompile>
    <ClCompile Include="QPowerLineClassification.cpp">
      <Filter>Source Files</Filter>
    </ClCompile>
    <ClCompile Include="QSimplify.cpp">
      <Filter>Source Files</Filter>
    </ClCompile>
    <ClCompile Include="PCManage.cpp">
      <Filter>Source Files</Filter>
    </ClCompile>
    <ClCompile Include="MainWindow.cpp">
      <Filter>Source Files</Filter>
    </ClCompile>
    <ClCompile Include="CloudEditorWidgetEx.cpp">
      <Filter>Source Files</Filter>
    </ClCompile>
    <ClCompile Include="QFPFHFeature.cpp">
      <Filter>Source Files</Filter>
    </ClCompile>
    <ClCompile Include="QAligningObjectTemplates.cpp">
      <Filter>Source Files</Filter>
    </ClCompile>
    <ClCompile Include="QVFHTraining.cpp">
      <Filter>Source Files</Filter>
    </ClCompile>
    <ClCompile Include="QCorrespondenceGrouping.cpp">
      <Filter>Source Files</Filter>
    </ClCompile>
    <ClCompile Include="ProjectionXyPlane.cpp">
      <Filter>Source Files</Filter>
    </ClCompile>
    <ClCompile Include="PointHeightColor.cpp">
      <Filter>Source Files</Filter>
    </ClCompile>
    <ClCompile Include="kdtree.cpp">
      <Filter>Source Files</Filter>
    </ClCompile>
    <ClCompile Include="ConvexBudding.cpp">
      <Filter>Source Files</Filter>
    </ClCompile>
    <ClCompile Include="GeneratedFiles\qrc_MainWindow.cpp">
      <Filter>Generated Files</Filter>
    </ClCompile>
    <ClCompile Include="GeneratedFiles\Debug\moc_MainWindow.cpp">
      <Filter>Generated Files\Debug</Filter>
    </ClCompile>
    <ClCompile Include="GeneratedFiles\Debug\moc_QAligningObjectTemplates.cpp">
      <Filter>Generated Files\Debug</Filter>
    </ClCompile>
    <ClCompile Include="GeneratedFiles\Debug\moc_QBilateralFilter.cpp">
      <Filter>Generated Files\Debug</Filter>
    </ClCompile>
    <ClCompile Include="GeneratedFiles\Debug\moc_QChaotiJulei.cpp">
      <Filter>Generated Files\Debug</Filter>
    </ClCompile>
    <ClCompile Include="GeneratedFiles\Debug\moc_QCorrespondenceGrouping.cpp">
      <Filter>Generated Files\Debug</Filter>
    </ClCompile>
    <ClCompile Include="GeneratedFiles\Debug\moc_QCpc.cpp">
      <Filter>Generated Files\Debug</Filter>
    </ClCompile>
    <ClCompile Include="GeneratedFiles\Debug\moc_QFPFHFeature.cpp">
      <Filter>Generated Files\Debug</Filter>
    </ClCompile>
    <ClCompile Include="GeneratedFiles\Debug\moc_QGround.cpp">
      <Filter>Generated Files\Debug</Filter>
    </ClCompile>
    <ClCompile Include="GeneratedFiles\Debug\moc_QLccp.cpp">
      <Filter>Generated Files\Debug</Filter>
    </ClCompile>
    <ClCompile Include="GeneratedFiles\Debug\moc_QLiqundian.cpp">
      <Filter>Generated Files\Debug</Filter>
    </ClCompile>
    <ClCompile Include="GeneratedFiles\Debug\moc_QModding.cpp">
      <Filter>Generated Files\Debug</Filter>
    </ClCompile>
    <ClCompile Include="GeneratedFiles\Debug\moc_QOushifenge.cpp">
      <Filter>Generated Files\Debug</Filter>
    </ClCompile>
    <ClCompile Include="GeneratedFiles\Debug\moc_QPowerLineClassification.cpp">
      <Filter>Generated Files\Debug</Filter>
    </ClCompile>
    <ClCompile Include="GeneratedFiles\Debug\moc_QQuyuzengzhangColor.cpp">
      <Filter>Generated Files\Debug</Filter>
    </ClCompile>
    <ClCompile Include="GeneratedFiles\Debug\moc_QQuyuzengzhangNormal.cpp">
      <Filter>Generated Files\Debug</Filter>
    </ClCompile>
    <ClCompile Include="GeneratedFiles\Debug\moc_QRanSac.cpp">
      <Filter>Generated Files\Debug</Filter>
    </ClCompile>
    <ClCompile Include="GeneratedFiles\Debug\moc_QRendView.cpp">
      <Filter>Generated Files\Debug</Filter>
    </ClCompile>
    <ClCompile Include="GeneratedFiles\Debug\moc_QSimplify.cpp">
      <Filter>Generated Files\Debug</Filter>
    </ClCompile>
    <ClCompile Include="GeneratedFiles\Debug\moc_QSubDialogBase.cpp">
      <Filter>Generated Files\Debug</Filter>
    </ClCompile>
    <ClCompile Include="GeneratedFiles\Debug\moc_QVFHTraining.cpp">
      <Filter>Generated Files\Debug</Filter>
    </ClCompile>
    <ClCompile Include="GeneratedFiles\Debug\moc_QZhiTongXYZ.cpp">
      <Filter>Generated Files\Debug</Filter>
    </ClCompile>
    <ClCompile Include="GeneratedFiles\Release\moc_MainWindow.cpp">
      <Filter>Generated Files\Release</Filter>
    </ClCompile>
    <ClCompile Include="GeneratedFiles\Release\moc_QAligningObjectTemplates.cpp">
      <Filter>Generated Files\Release</Filter>
    </ClCompile>
    <ClCompile Include="GeneratedFiles\Release\moc_QBilateralFilter.cpp">
      <Filter>Generated Files\Release</Filter>
    </ClCompile>
    <ClCompile Include="GeneratedFiles\Release\moc_QChaotiJulei.cpp">
      <Filter>Generated Files\Release</Filter>
    </ClCompile>
    <ClCompile Include="GeneratedFiles\Release\moc_QCorrespondenceGrouping.cpp">
      <Filter>Generated Files\Release</Filter>
    </ClCompile>
    <ClCompile Include="GeneratedFiles\Release\moc_QCpc.cpp">
      <Filter>Generated Files\Release</Filter>
    </ClCompile>
    <ClCompile Include="GeneratedFiles\Release\moc_QFPFHFeature.cpp">
      <Filter>Generated Files\Release</Filter>
    </ClCompile>
    <ClCompile Include="GeneratedFiles\Release\moc_QGround.cpp">
      <Filter>Generated Files\Release</Filter>
    </ClCompile>
    <ClCompile Include="GeneratedFiles\Release\moc_QLccp.cpp">
      <Filter>Generated Files\Release</Filter>
    </ClCompile>
    <ClCompile Include="GeneratedFiles\Release\moc_QLiqundian.cpp">
      <Filter>Generated Files\Release</Filter>
    </ClCompile>
    <ClCompile Include="GeneratedFiles\Release\moc_QModding.cpp">
      <Filter>Generated Files\Release</Filter>
    </ClCompile>
    <ClCompile Include="GeneratedFiles\Release\moc_QOushifenge.cpp">
      <Filter>Generated Files\Release</Filter>
    </ClCompile>
    <ClCompile Include="GeneratedFiles\Release\moc_QPowerLineClassification.cpp">
      <Filter>Generated Files\Release</Filter>
    </ClCompile>
    <ClCompile Include="GeneratedFiles\Release\moc_QQuyuzengzhangColor.cpp">
      <Filter>Generated Files\Release</Filter>
    </ClCompile>
    <ClCompile Include="GeneratedFiles\Release\moc_QQuyuzengzhangNormal.cpp">
      <Filter>Generated Files\Release</Filter>
    </ClCompile>
    <ClCompile Include="GeneratedFiles\Release\moc_QRanSac.cpp">
      <Filter>Generated Files\Release</Filter>
    </ClCompile>
    <ClCompile Include="GeneratedFiles\Release\moc_QRendView.cpp">
      <Filter>Generated Files\Release</Filter>
    </ClCompile>
    <ClCompile Include="GeneratedFiles\Release\moc_QSimplify.cpp">
      <Filter>Generated Files\Release</Filter>
    </ClCompile>
    <ClCompile Include="GeneratedFiles\Release\moc_QSubDialogBase.cpp">
      <Filter>Generated Files\Release</Filter>
    </ClCompile>
    <ClCompile Include="GeneratedFiles\Release\moc_QVFHTraining.cpp">
      <Filter>Generated Files\Release</Filter>
    </ClCompile>
    <ClCompile Include="GeneratedFiles\Release\moc_QZhiTongXYZ.cpp">
      <Filter>Generated Files\Release</Filter>
    </ClCompile>
    <ClCompile Include="GeneratedFiles\ReleaseWithDebug\moc_MainWindow.cpp">
      <Filter>Generated Files\ReleaseWithDebug</Filter>
    </ClCompile>
    <ClCompile Include="GeneratedFiles\ReleaseWithDebug\moc_QAligningObjectTemplates.cpp">
      <Filter>Generated Files\ReleaseWithDebug</Filter>
    </ClCompile>
    <ClCompile Include="GeneratedFiles\ReleaseWithDebug\moc_QBilateralFilter.cpp">
      <Filter>Generated Files\ReleaseWithDebug</Filter>
    </ClCompile>
    <ClCompile Include="GeneratedFiles\ReleaseWithDebug\moc_QChaotiJulei.cpp">
      <Filter>Generated Files\ReleaseWithDebug</Filter>
    </ClCompile>
    <ClCompile Include="GeneratedFiles\ReleaseWithDebug\moc_QCorrespondenceGrouping.cpp">
      <Filter>Generated Files\ReleaseWithDebug</Filter>
    </ClCompile>
    <ClCompile Include="GeneratedFiles\ReleaseWithDebug\moc_QCpc.cpp">
      <Filter>Generated Files\ReleaseWithDebug</Filter>
    </ClCompile>
    <ClCompile Include="GeneratedFiles\ReleaseWithDebug\moc_QFPFHFeature.cpp">
      <Filter>Generated Files\ReleaseWithDebug</Filter>
    </ClCompile>
    <ClCompile Include="GeneratedFiles\ReleaseWithDebug\moc_QGround.cpp">
      <Filter>Generated Files\ReleaseWithDebug</Filter>
    </ClCompile>
    <ClCompile Include="GeneratedFiles\ReleaseWithDebug\moc_QLccp.cpp">
      <Filter>Generated Files\ReleaseWithDebug</Filter>
    </ClCompile>
    <ClCompile Include="GeneratedFiles\ReleaseWithDebug\moc_QLiqundian.cpp">
      <Filter>Generated Files\ReleaseWithDebug</Filter>
    </ClCompile>
    <ClCompile Include="GeneratedFiles\ReleaseWithDebug\moc_QModding.cpp">
      <Filter>Generated Files\ReleaseWithDebug</Filter>
    </ClCompile>
    <ClCompile Include="GeneratedFiles\ReleaseWithDebug\moc_QOushifenge.cpp">
      <Filter>Generated Files\ReleaseWithDebug</Filter>
    </ClCompile>
    <ClCompile Include="GeneratedFiles\ReleaseWithDebug\moc_QPowerLineClassification.cpp">
      <Filter>Generated Files\ReleaseWithDebug</Filter>
    </ClCompile>
    <ClCompile Include="GeneratedFiles\ReleaseWithDebug\moc_QQuyuzengzhangColor.cpp">
      <Filter>Generated Files\ReleaseWithDebug</Filter>
    </ClCompile>
    <ClCompile Include="GeneratedFiles\ReleaseWithDebug\moc_QQuyuzengzhangNormal.cpp">
      <Filter>Generated Files\ReleaseWithDebug</Filter>
    </ClCompile>
    <ClCompile Include="GeneratedFiles\ReleaseWithDebug\moc_QRanSac.cpp">
      <Filter>Generated Files\ReleaseWithDebug</Filter>
    </ClCompile>
    <ClCompile Include="GeneratedFiles\ReleaseWithDebug\moc_QRendView.cpp">
      <Filter>Generated Files\ReleaseWithDebug</Filter>
    </ClCompile>
    <ClCompile Include="GeneratedFiles\ReleaseWithDebug\moc_QSimplify.cpp">
      <Filter>Generated Files\ReleaseWithDebug</Filter>
    </ClCompile>
    <ClCompile Include="GeneratedFiles\ReleaseWithDebug\moc_QSubDialogBase.cpp">
      <Filter>Generated Files\ReleaseWithDebug</Filter>
    </ClCompile>
    <ClCompile Include="GeneratedFiles\ReleaseWithDebug\moc_QVFHTraining.cpp">
      <Filter>Generated Files\ReleaseWithDebug</Filter>
    </ClCompile>
    <ClCompile Include="GeneratedFiles\ReleaseWithDebug\moc_QZhiTongXYZ.cpp">
      <Filter>Generated Files\ReleaseWithDebug</Filter>
    </ClCompile>
    <ClCompile Include="PublicFuncs.cpp">
      <Filter>Source Files</Filter>
    </ClCompile>
    <ClCompile Include="Reconstruct.cpp">
      <Filter>Source Files</Filter>
    </ClCompile>
    <ClCompile Include="GeneratedFiles\Debug\moc_QResampling.cpp">
      <Filter>Generated Files\Debug</Filter>
    </ClCompile>
    <ClCompile Include="GeneratedFiles\Release\moc_QResampling.cpp">
      <Filter>Generated Files\Release</Filter>
    </ClCompile>
    <ClCompile Include="GeneratedFiles\ReleaseWithDebug\moc_QResampling.cpp">
      <Filter>Generated Files\ReleaseWithDebug</Filter>
    </ClCompile>
    <ClCompile Include="QResampling.cpp">
      <Filter>Source Files</Filter>
    </ClCompile>
  </ItemGroup>
  <ItemGroup>
    <ClInclude Include="PCManage.h">
      <Filter>Header Files</Filter>
    </ClInclude>
    <ClInclude Include="resource.h">
      <Filter>Header Files</Filter>
    </ClInclude>
    <ClInclude Include="CloudEditorWidgetEx.h">
      <Filter>Header Files</Filter>
    </ClInclude>
    <ClInclude Include="ProjectionXyPlane.h">
      <Filter>Header Files</Filter>
    </ClInclude>
    <ClInclude Include="PointHeightColor.h">
      <Filter>Header Files</Filter>
    </ClInclude>
    <ClInclude Include="dvprint.h">
      <Filter>Header Files</Filter>
    </ClInclude>
    <ClInclude Include="dbscan.h">
      <Filter>Header Files</Filter>
    </ClInclude>
    <ClInclude Include="kdtree.h">
      <Filter>Header Files</Filter>
    </ClInclude>
    <ClInclude Include="LeastSquare.h">
      <Filter>Header Files</Filter>
    </ClInclude>
    <ClInclude Include="ConvexBudding.h">
      <Filter>Header Files</Filter>
    </ClInclude>
    <ClInclude Include="GeneratedFiles\ui_MainWindow.h">
      <Filter>Generated Files</Filter>
    </ClInclude>
    <ClInclude Include="GeneratedFiles\ui_QAligningObjectTemplates.h">
      <Filter>Generated Files</Filter>
    </ClInclude>
    <ClInclude Include="GeneratedFiles\ui_QCorrespondenceGrouping.h">
      <Filter>Generated Files</Filter>
    </ClInclude>
    <ClInclude Include="GeneratedFiles\ui_QFPFHFeature.h">
      <Filter>Generated Files</Filter>
    </ClInclude>
    <ClInclude Include="GeneratedFiles\ui_QVFHTraining.h">
      <Filter>Generated Files</Filter>
    </ClInclude>
    <ClInclude Include="GeneratedFiles\ui_QBilateralFilter.h">
      <Filter>Generated Files</Filter>
    </ClInclude>
    <ClInclude Include="GeneratedFiles\ui_QChaotiJulei.h">
      <Filter>Generated Files</Filter>
    </ClInclude>
    <ClInclude Include="GeneratedFiles\ui_QCpc.h">
      <Filter>Generated Files</Filter>
    </ClInclude>
    <ClInclude Include="GeneratedFiles\ui_QGround.h">
      <Filter>Generated Files</Filter>
    </ClInclude>
    <ClInclude Include="GeneratedFiles\ui_QLccp.h">
      <Filter>Generated Files</Filter>
    </ClInclude>
    <ClInclude Include="GeneratedFiles\ui_QLiqundian.h">
      <Filter>Generated Files</Filter>
    </ClInclude>
    <ClInclude Include="GeneratedFiles\ui_QModding.h">
      <Filter>Generated Files</Filter>
    </ClInclude>
    <ClInclude Include="GeneratedFiles\ui_QOushifenge.h">
      <Filter>Generated Files</Filter>
    </ClInclude>
    <ClInclude Include="GeneratedFiles\ui_QPowerLineClassification.h">
      <Filter>Generated Files</Filter>
    </ClInclude>
    <ClInclude Include="GeneratedFiles\ui_QQuyuzengzhangColor.h">
      <Filter>Generated Files</Filter>
    </ClInclude>
    <ClInclude Include="GeneratedFiles\ui_QQuyuzengzhangNormal.h">
      <Filter>Generated Files</Filter>
    </ClInclude>
    <ClInclude Include="GeneratedFiles\ui_QRanSac.h">
      <Filter>Generated Files</Filter>
    </ClInclude>
    <ClInclude Include="GeneratedFiles\ui_QSimplify.h">
      <Filter>Generated Files</Filter>
    </ClInclude>
    <ClInclude Include="GeneratedFiles\ui_QSubDialogBase.h">
      <Filter>Generated Files</Filter>
    </ClInclude>
    <ClInclude Include="GeneratedFiles\ui_QZhiTongXYZ.h">
      <Filter>Generated Files</Filter>
    </ClInclude>
    <ClInclude Include="PublicFuncs.h">
      <Filter>Header Files</Filter>
    </ClInclude>
    <ClInclude Include="Reconstruct.h">
      <Filter>Header Files</Filter>
    </ClInclude>
    <ClInclude Include="GeneratedFiles\ui_QResampling.h">
      <Filter>Generated Files</Filter>
    </ClInclude>
  </ItemGroup>
  <ItemGroup>
    <CustomBuild Include="QRendView.h">
      <Filter>Header Files</Filter>
    </CustomBuild>
    <CustomBuild Include="QZhiTongXYZ.h">
      <Filter>Header Files</Filter>
    </CustomBuild>
    <CustomBuild Include="QZhiTongXYZ.ui">
      <Filter>Form Files</Filter>
    </CustomBuild>
    <CustomBuild Include="QSubDialogBase.h">
      <Filter>Header Files</Filter>
    </CustomBuild>
    <CustomBuild Include="QSubDialogBase.ui">
      <Filter>Form Files</Filter>
    </CustomBuild>
    <CustomBuild Include="QLiqundian.h">
      <Filter>Header Files</Filter>
    </CustomBuild>
    <CustomBuild Include="QLiqundian.ui">
      <Filter>Form Files</Filter>
    </CustomBuild>
    <CustomBuild Include="QBilateralFilter.h">
      <Filter>Header Files</Filter>
    </CustomBuild>
    <CustomBuild Include="QBilateralFilter.ui">
      <Filter>Form Files</Filter>
    </CustomBuild>
    <CustomBuild Include="QGround.h">
      <Filter>Header Files</Filter>
    </CustomBuild>
    <CustomBuild Include="QGround.ui">
      <Filter>Form Files</Filter>
    </CustomBuild>
    <CustomBuild Include="QLccp.h">
      <Filter>Header Files</Filter>
    </CustomBuild>
    <CustomBuild Include="QLccp.ui">
      <Filter>Form Files</Filter>
    </CustomBuild>
    <CustomBuild Include="QCpc.h">
      <Filter>Header Files</Filter>
    </CustomBuild>
    <CustomBuild Include="QCpc.ui">
      <Filter>Form Files</Filter>
    </CustomBuild>
    <CustomBuild Include="QRanSac.h">
      <Filter>Header Files</Filter>
    </CustomBuild>
    <CustomBuild Include="QRanSac.ui">
      <Filter>Form Files</Filter>
    </CustomBuild>
    <CustomBuild Include="QQuyuzengzhangNormal.h">
      <Filter>Header Files</Filter>
    </CustomBuild>
    <CustomBuild Include="QQuyuzengzhangNormal.ui">
      <Filter>Form Files</Filter>
    </CustomBuild>
    <CustomBuild Include="QQuyuzengzhangColor.h">
      <Filter>Header Files</Filter>
    </CustomBuild>
    <CustomBuild Include="QQuyuzengzhangColor.ui">
      <Filter>Form Files</Filter>
    </CustomBuild>
    <CustomBuild Include="QOushifenge.h">
      <Filter>Header Files</Filter>
    </CustomBuild>
    <CustomBuild Include="QOushifenge.ui">
      <Filter>Form Files</Filter>
    </CustomBuild>
    <CustomBuild Include="QChaotiJulei.h">
      <Filter>Header Files</Filter>
    </CustomBuild>
    <CustomBuild Include="QChaotiJulei.ui">
      <Filter>Form Files</Filter>
    </CustomBuild>
    <CustomBuild Include="QModding.h">
      <Filter>Header Files</Filter>
    </CustomBuild>
    <CustomBuild Include="QModding.ui">
      <Filter>Form Files</Filter>
    </CustomBuild>
    <CustomBuild Include="QPowerLineClassification.h">
      <Filter>Header Files</Filter>
    </CustomBuild>
    <CustomBuild Include="QPowerLineClassification.ui">
      <Filter>Form Files</Filter>
    </CustomBuild>
    <CustomBuild Include="QSimplify.h">
      <Filter>Header Files</Filter>
    </CustomBuild>
    <CustomBuild Include="QSimplify.ui">
      <Filter>Form Files</Filter>
    </CustomBuild>
    <CustomBuild Include="MainWindow.h">
      <Filter>Header Files</Filter>
    </CustomBuild>
    <CustomBuild Include="MainWindow.qrc" />
    <CustomBuild Include="MainWindow.ui">
      <Filter>Form Files</Filter>
    </CustomBuild>
    <CustomBuild Include="QFPFHFeature.h">
      <Filter>Header Files</Filter>
    </CustomBuild>
    <CustomBuild Include="QFPFHFeature.ui">
      <Filter>Form Files</Filter>
    </CustomBuild>
    <CustomBuild Include="QAligningObjectTemplates.h">
      <Filter>Header Files</Filter>
    </CustomBuild>
    <CustomBuild Include="QAligningObjectTemplates.ui">
      <Filter>Form Files</Filter>
    </CustomBuild>
    <CustomBuild Include="QVFHTraining.h">
      <Filter>Header Files</Filter>
    </CustomBuild>
    <CustomBuild Include="QVFHTraining.ui">
      <Filter>Form Files</Filter>
    </CustomBuild>
    <CustomBuild Include="QCorrespondenceGrouping.h">
      <Filter>Header Files</Filter>
    </CustomBuild>
    <CustomBuild Include="QCorrespondenceGrouping.ui">
      <Filter>Form Files</Filter>
    </CustomBuild>
    <CustomBuild Include="QResampling.h">
      <Filter>Header Files</Filter>
    </CustomBuild>
    <CustomBuild Include="QResampling.ui">
      <Filter>Form Files</Filter>
    </CustomBuild>
  </ItemGroup>
</Project>